
Microsoft Visual Studio Solution File, Format Version 12.00
# Visual Studio Version 17
VisualStudioVersion = 17.11.35303.130
MinimumVisualStudioVersion = 10.0.40219.1
Project("{FAE04EC0-301F-11D3-BF4B-00C04F79EFBC}") = "AgroPec", "AgroPec\AgroPec.csproj", "{B233B975-0F60-41EC-B6A0-FD97487D7555}"
EndProject
Global
	GlobalSection(SolutionConfigurationPlatforms) = preSolution
		Debug|Any CPU = Debug|Any CPU
		Release|Any CPU = Release|Any CPU
	EndGlobalSection
	GlobalSection(ProjectConfigurationPlatforms) = postSolution
		{B233B975-0F60-41EC-B6A0-FD97487D7555}.Debug|Any CPU.ActiveCfg = Debug|Any CPU
		{B233B975-0F60-41EC-B6A0-FD97487D7555}.Debug|Any CPU.Build.0 = Debug|Any CPU
		{B233B975-0F60-41EC-B6A0-FD97487D7555}.Release|Any CPU.ActiveCfg = Release|Any CPU
		{B233B975-0F60-41EC-B6A0-FD97487D7555}.Release|Any CPU.Build.0 = Release|Any CPU
	EndGlobalSection
	GlobalSection(SolutionProperties) = preSolution
		HideSolutionNode = FALSE
	EndGlobalSection
	GlobalSection(ExtensibilityGlobals) = postSolution
		SolutionGuid = {ED6C88DF-AB95-4314-8D5A-3AE1C472A806}
	EndGlobalSection
EndGlobal
